
Microsoft Visual Studio Solution File, Format Version 12.00
# Visual Studio Version 17
VisualStudioVersion = 17.0.31903.59
MinimumVisualStudioVersion = 10.0.40219.1
Project("{FAE04EC0-301F-11D3-BF4B-00C04F79EFBC}") = "HorsesForCourses", "HorsesForCourses\HorsesForCourses.csproj", "{771ABDF2-6BD9-41E4-AE2A-F3F9AADE192B}"
EndProject
Project("{FAE04EC0-301F-11D3-BF4B-00C04F79EFBC}") = "HorsesForCourses.Tests", "HorsesForCourses.Tests\HorsesForCourses.Tests.csproj", "{FEDD2934-6BC7-4BCC-97A0-3A5B1E314550}"
EndProject
Global
	GlobalSection(SolutionConfigurationPlatforms) = preSolution
		Debug|Any CPU = Debug|Any CPU
		Debug|x64 = Debug|x64
		Debug|x86 = Debug|x86
		Release|Any CPU = Release|Any CPU
		Release|x64 = Release|x64
		Release|x86 = Release|x86
	EndGlobalSection
	GlobalSection(ProjectConfigurationPlatforms) = postSolution
		{771ABDF2-6BD9-41E4-AE2A-F3F9AADE192B}.Debug|Any CPU.ActiveCfg = Debug|Any CPU
		{771ABDF2-6BD9-41E4-AE2A-F3F9AADE192B}.Debug|Any CPU.Build.0 = Debug|Any CPU
		{771ABDF2-6BD9-41E4-AE2A-F3F9AADE192B}.Debug|x64.ActiveCfg = Debug|Any CPU
		{771ABDF2-6BD9-41E4-AE2A-F3F9AADE192B}.Debug|x64.Build.0 = Debug|Any CPU
		{771ABDF2-6BD9-41E4-AE2A-F3F9AADE192B}.Debug|x86.ActiveCfg = Debug|Any CPU
		{771ABDF2-6BD9-41E4-AE2A-F3F9AADE192B}.Debug|x86.Build.0 = Debug|Any CPU
		{771ABDF2-6BD9-41E4-AE2A-F3F9AADE192B}.Release|Any CPU.ActiveCfg = Release|Any CPU
		{771ABDF2-6BD9-41E4-AE2A-F3F9AADE192B}.Release|Any CPU.Build.0 = Release|Any CPU
		{771ABDF2-6BD9-41E4-AE2A-F3F9AADE192B}.Release|x64.ActiveCfg = Release|Any CPU
		{771ABDF2-6BD9-41E4-AE2A-F3F9AADE192B}.Release|x64.Build.0 = Release|Any CPU
		{771ABDF2-6BD9-41E4-AE2A-F3F9AADE192B}.Release|x86.ActiveCfg = Release|Any CPU
		{771ABDF2-6BD9-41E4-AE2A-F3F9AADE192B}.Release|x86.Build.0 = Release|Any CPU
		{FEDD2934-6BC7-4BCC-97A0-3A5B1E314550}.Debug|Any CPU.ActiveCfg = Debug|Any CPU
		{FEDD2934-6BC7-4BCC-97A0-3A5B1E314550}.Debug|Any CPU.Build.0 = Debug|Any CPU
		{FEDD2934-6BC7-4BCC-97A0-3A5B1E314550}.Debug|x64.ActiveCfg = Debug|Any CPU
		{FEDD2934-6BC7-4BCC-97A0-3A5B1E314550}.Debug|x64.Build.0 = Debug|Any CPU
		{FEDD2934-6BC7-4BCC-97A0-3A5B1E314550}.Debug|x86.ActiveCfg = Debug|Any CPU
		{FEDD2934-6BC7-4BCC-97A0-3A5B1E314550}.Debug|x86.Build.0 = Debug|Any CPU
		{FEDD2934-6BC7-4BCC-97A0-3A5B1E314550}.Release|Any CPU.ActiveCfg = Release|Any CPU
		{FEDD2934-6BC7-4BCC-97A0-3A5B1E314550}.Release|Any CPU.Build.0 = Release|Any CPU
		{FEDD2934-6BC7-4BCC-97A0-3A5B1E314550}.Release|x64.ActiveCfg = Release|Any CPU
		{FEDD2934-6BC7-4BCC-97A0-3A5B1E314550}.Release|x64.Build.0 = Release|Any CPU
		{FEDD2934-6BC7-4BCC-97A0-3A5B1E314550}.Release|x86.ActiveCfg = Release|Any CPU
		{FEDD2934-6BC7-4BCC-97A0-3A5B1E314550}.Release|x86.Build.0 = Release|Any CPU
	EndGlobalSection
	GlobalSection(SolutionProperties) = preSolution
		HideSolutionNode = FALSE
	EndGlobalSection
EndGlobal
